{
  "name": "ser",
  "version": "1.1.1",
  "lockfileVersion": 1,
  "requires": true,
  "dependencies": {
    "@rbxts/compiler-types": {
      "version": "1.0.0-beta.15.1",
      "resolved": "https://registry.npmjs.org/@rbxts/compiler-types/-/compiler-types-1.0.0-beta.15.1.tgz",
      "integrity": "sha512-xF7i8n4dBzj9nIPoI2GLNdTtk0ijEJy6mkZ4PAlpxj39sQOR7ekyaOG/wyoB1D1+m4yIz2uCtviLvVJI47BjnQ==",
      "dev": true
    },
    "@rbxts/t": {
      "version": "2.1.1",
      "resolved": "https://registry.npmjs.org/@rbxts/t/-/t-2.1.1.tgz",
      "integrity": "sha512-d8VQouo4kEidg9uDX22fnpEDssq7QdMhwOrbMdFY/L5N4pgsu1S0M72HoDQzYj4JefvhQ2glcNWhHhbOquZY8w==",
      "requires": {
        "@rbxts/types": "^1.0.434"
      }
    },
    "@rbxts/types": {
      "version": "1.0.452",
      "resolved": "https://registry.npmjs.org/@rbxts/types/-/types-1.0.452.tgz",
      "integrity": "sha512-XNHQ6g/ENog0NRxLJn87iAmbOpXGZIELU/izXjR+GlPpgCjM2cheVGb16CHkTbYGWaQsz3h+pBBapmM56HC3Pg=="
    }
  }
}
